
Microsoft Visual Studio Solution File, Format Version 12.00
# Visual Studio Version 16
VisualStudioVersion = 16.0.29123.88
MinimumVisualStudioVersion = 10.0.40219.1
Project("{FAE04EC0-301F-11D3-BF4B-00C04F79EFBC}") = "Voicemeeter", "Voicemeeter\Voicemeeter.csproj", "{DAFE4658-12C8-4364-9A67-2F79DD99085C}"
EndProject
Project("{FAE04EC0-301F-11D3-BF4B-00C04F79EFBC}") = "VoicemeeterTest", "VoicemeeterTest\VoicemeeterTest.csproj", "{9952548A-7AE1-4EAB-9B5A-F1FA04954F29}"
EndProject
Global
	GlobalSection(SolutionConfigurationPlatforms) = preSolution
		Debug|Any CPU = Debug|Any CPU
		Release|Any CPU = Release|Any CPU
	EndGlobalSection
	GlobalSection(ProjectConfigurationPlatforms) = postSolution
		{DAFE4658-12C8-4364-9A67-2F79DD99085C}.Debug|Any CPU.ActiveCfg = Debug|Any CPU
		{DAFE4658-12C8-4364-9A67-2F79DD99085C}.Debug|Any CPU.Build.0 = Debug|Any CPU
		{DAFE4658-12C8-4364-9A67-2F79DD99085C}.Release|Any CPU.ActiveCfg = Release|Any CPU
		{DAFE4658-12C8-4364-9A67-2F79DD99085C}.Release|Any CPU.Build.0 = Release|Any CPU
		{9952548A-7AE1-4EAB-9B5A-F1FA04954F29}.Debug|Any CPU.ActiveCfg = Debug|Any CPU
		{9952548A-7AE1-4EAB-9B5A-F1FA04954F29}.Debug|Any CPU.Build.0 = Debug|Any CPU
		{9952548A-7AE1-4EAB-9B5A-F1FA04954F29}.Release|Any CPU.ActiveCfg = Release|Any CPU
		{9952548A-7AE1-4EAB-9B5A-F1FA04954F29}.Release|Any CPU.Build.0 = Release|Any CPU
	EndGlobalSection
	GlobalSection(SolutionProperties) = preSolution
		HideSolutionNode = FALSE
	EndGlobalSection
	GlobalSection(ExtensibilityGlobals) = postSolution
		SolutionGuid = {859C0E98-DFF5-4945-8932-408B36FAF150}
	EndGlobalSection
EndGlobal
